
Microsoft Visual Studio Solution File, Format Version 12.00
# Visual Studio Version 17
VisualStudioVersion = 17.8.34330.188
MinimumVisualStudioVersion = 10.0.40219.1
Project("{FAE04EC0-301F-11D3-BF4B-00C04F79EFBC}") = "WebApplicationIdentity", "WebApplicationIdentity\WebApplicationIdentity.csproj", "{AF389D94-5350-421A-BD63-A0ECE285BBCC}"
EndProject
Global
	GlobalSection(SolutionConfigurationPlatforms) = preSolution
		Debug|Any CPU = Debug|Any CPU
		Release|Any CPU = Release|Any CPU
	EndGlobalSection
	GlobalSection(ProjectConfigurationPlatforms) = postSolution
		{AF389D94-5350-421A-BD63-A0ECE285BBCC}.Debug|Any CPU.ActiveCfg = Debug|Any CPU
		{AF389D94-5350-421A-BD63-A0ECE285BBCC}.Debug|Any CPU.Build.0 = Debug|Any CPU
		{AF389D94-5350-421A-BD63-A0ECE285BBCC}.Release|Any CPU.ActiveCfg = Release|Any CPU
		{AF389D94-5350-421A-BD63-A0ECE285BBCC}.Release|Any CPU.Build.0 = Release|Any CPU
	EndGlobalSection
	GlobalSection(SolutionProperties) = preSolution
		HideSolutionNode = FALSE
	EndGlobalSection
	GlobalSection(ExtensibilityGlobals) = postSolution
		SolutionGuid = {D767CA66-BA65-4F38-92E5-7BA36521299A}
	EndGlobalSection
EndGlobal
